
Microsoft Visual Studio Solution File, Format Version 12.00
# Visual Studio Version 16
VisualStudioVersion = 16.0.31105.61
MinimumVisualStudioVersion = 10.0.40219.1
Project("{9A19103F-16F7-4668-BE54-9A1E7A4F7556}") = "Lab1", "Lab1\Lab1.csproj", "{53E308F1-DF5D-490F-808F-78BD2E42CCA9}"
EndProject
Project("{FAE04EC0-301F-11D3-BF4B-00C04F79EFBC}") = "Lab2", "Lab2\Lab2.csproj", "{EF0B194C-DBE4-44A1-8F13-908A5B3C17A2}"
EndProject
Project("{FAE04EC0-301F-11D3-BF4B-00C04F79EFBC}") = "LabPars", "LabPars\LabPars.csproj", "{DE197CD5-0DEB-4224-ACA3-A9DB9A9C8D9D}"
EndProject
Global
	GlobalSection(SolutionConfigurationPlatforms) = preSolution
		Debug|Any CPU = Debug|Any CPU
		Release|Any CPU = Release|Any CPU
	EndGlobalSection
	GlobalSection(ProjectConfigurationPlatforms) = postSolution
		{53E308F1-DF5D-490F-808F-78BD2E42CCA9}.Debug|Any CPU.ActiveCfg = Debug|Any CPU
		{53E308F1-DF5D-490F-808F-78BD2E42CCA9}.Debug|Any CPU.Build.0 = Debug|Any CPU
		{53E308F1-DF5D-490F-808F-78BD2E42CCA9}.Release|Any CPU.ActiveCfg = Release|Any CPU
		{53E308F1-DF5D-490F-808F-78BD2E42CCA9}.Release|Any CPU.Build.0 = Release|Any CPU
		{EF0B194C-DBE4-44A1-8F13-908A5B3C17A2}.Debug|Any CPU.ActiveCfg = Debug|Any CPU
		{EF0B194C-DBE4-44A1-8F13-908A5B3C17A2}.Debug|Any CPU.Build.0 = Debug|Any CPU
		{EF0B194C-DBE4-44A1-8F13-908A5B3C17A2}.Release|Any CPU.ActiveCfg = Release|Any CPU
		{EF0B194C-DBE4-44A1-8F13-908A5B3C17A2}.Release|Any CPU.Build.0 = Release|Any CPU
		{DE197CD5-0DEB-4224-ACA3-A9DB9A9C8D9D}.Debug|Any CPU.ActiveCfg = Debug|Any CPU
		{DE197CD5-0DEB-4224-ACA3-A9DB9A9C8D9D}.Debug|Any CPU.Build.0 = Debug|Any CPU
		{DE197CD5-0DEB-4224-ACA3-A9DB9A9C8D9D}.Release|Any CPU.ActiveCfg = Release|Any CPU
		{DE197CD5-0DEB-4224-ACA3-A9DB9A9C8D9D}.Release|Any CPU.Build.0 = Release|Any CPU
	EndGlobalSection
	GlobalSection(SolutionProperties) = preSolution
		HideSolutionNode = FALSE
	EndGlobalSection
	GlobalSection(ExtensibilityGlobals) = postSolution
		SolutionGuid = {2E42305D-D28B-487F-9D0F-C99363FC2160}
	EndGlobalSection
EndGlobal
